
Microsoft Visual Studio Solution File, Format Version 12.00
# Visual Studio Version 16
VisualStudioVersion = 16.0.32428.217
MinimumVisualStudioVersion = 10.0.40219.1
Project("{FAE04EC0-301F-11D3-BF4B-00C04F79EFBC}") = "Gallium v1", "Gallium v1\Gallium v1.csproj", "{1776348A-BDFB-48A6-8A19-40E2D84675EF}"
EndProject
Global
	GlobalSection(SolutionConfigurationPlatforms) = preSolution
		Debug|Any CPU = Debug|Any CPU
		Release|Any CPU = Release|Any CPU
	EndGlobalSection
	GlobalSection(ProjectConfigurationPlatforms) = postSolution
		{1776348A-BDFB-48A6-8A19-40E2D84675EF}.Debug|Any CPU.ActiveCfg = Debug|Any CPU
		{1776348A-BDFB-48A6-8A19-40E2D84675EF}.Debug|Any CPU.Build.0 = Debug|Any CPU
		{1776348A-BDFB-48A6-8A19-40E2D84675EF}.Release|Any CPU.ActiveCfg = Release|Any CPU
		{1776348A-BDFB-48A6-8A19-40E2D84675EF}.Release|Any CPU.Build.0 = Release|Any CPU
	EndGlobalSection
	GlobalSection(SolutionProperties) = preSolution
		HideSolutionNode = FALSE
	EndGlobalSection
	GlobalSection(ExtensibilityGlobals) = postSolution
		SolutionGuid = {CE0C2E9E-F430-46BA-BD3D-14D2E18DE99E}
	EndGlobalSection
EndGlobal
